{
  "name": "youtube",
  "version": "1.0.0",
  "lockfileVersion": 3,
  "requires": true,
  "packages": {
    "": {
      "name": "youtube",
      "version": "1.0.0",
      "license": "ISC",
      "dependencies": {
        "@supadata/js": "^1.2.0",
        "dotenv": "^17.2.1"
      }
    },
    "node_modules/@supadata/js": {
      "version": "1.2.0",
      "resolved": "https://registry.npmjs.org/@supadata/js/-/js-1.2.0.tgz",
      "integrity": "sha512-y0g1DB6SzlrL6O77NxcECn4P7+c48ptkrrVQ7Pu4LT+YTGmgiu57LDGHXhmps3tIdg24kLnJwv5NiZf12Z3Q4A==",
      "license": "MIT"
    },
    "node_modules/dotenv": {
      "version": "17.2.1",
      "resolved": "https://registry.npmjs.org/dotenv/-/dotenv-17.2.1.tgz",
      "integrity": "sha512-kQhDYKZecqnM0fCnzI5eIv5L4cAe/iRI+HqMbO/hbRdTAeXDG+M9FjipUxNfbARuEg4iHIbhnhs78BCHNbSxEQ==",
      "license": "BSD-2-Clause",
      "engines": {
        "node": ">=12"
      },
      "funding": {
        "url": "https://dotenvx.com"
      }
    }
  }
}
